
Microsoft Visual Studio Solution File, Format Version 12.00
# Visual Studio Version 16
VisualStudioVersion = 16.0.29215.179
MinimumVisualStudioVersion = 10.0.40219.1
Project("{FAE04EC0-301F-11D3-BF4B-00C04F79EFBC}") = "MyLeasing.Common", "MyLeasing.Common\MyLeasing.Common.csproj", "{47FA903A-F633-4F9F-937C-5F6FB2D978F0}"
EndProject
Project("{FAE04EC0-301F-11D3-BF4B-00C04F79EFBC}") = "MyLeasing.Web", "MyLeasing.Web\MyLeasing.Web.csproj", "{4AA573DF-DC6D-493F-8430-A6A8068908B0}"
EndProject
Global
	GlobalSection(SolutionConfigurationPlatforms) = preSolution
		Debug|Any CPU = Debug|Any CPU
		Release|Any CPU = Release|Any CPU
	EndGlobalSection
	GlobalSection(ProjectConfigurationPlatforms) = postSolution
		{47FA903A-F633-4F9F-937C-5F6FB2D978F0}.Debug|Any CPU.ActiveCfg = Debug|Any CPU
		{47FA903A-F633-4F9F-937C-5F6FB2D978F0}.Debug|Any CPU.Build.0 = Debug|Any CPU
		{47FA903A-F633-4F9F-937C-5F6FB2D978F0}.Release|Any CPU.ActiveCfg = Release|Any CPU
		{47FA903A-F633-4F9F-937C-5F6FB2D978F0}.Release|Any CPU.Build.0 = Release|Any CPU
		{4AA573DF-DC6D-493F-8430-A6A8068908B0}.Debug|Any CPU.ActiveCfg = Debug|Any CPU
		{4AA573DF-DC6D-493F-8430-A6A8068908B0}.Debug|Any CPU.Build.0 = Debug|Any CPU
		{4AA573DF-DC6D-493F-8430-A6A8068908B0}.Release|Any CPU.ActiveCfg = Release|Any CPU
		{4AA573DF-DC6D-493F-8430-A6A8068908B0}.Release|Any CPU.Build.0 = Release|Any CPU
	EndGlobalSection
	GlobalSection(SolutionProperties) = preSolution
		HideSolutionNode = FALSE
	EndGlobalSection
	GlobalSection(ExtensibilityGlobals) = postSolution
		SolutionGuid = {1CC16953-454F-4B3C-BCB3-0BDA002DBA5E}
	EndGlobalSection
EndGlobal
